
Microsoft Visual Studio Solution File, Format Version 12.00
# Visual Studio Version 16
VisualStudioVersion = 16.0.29025.244
MinimumVisualStudioVersion = 10.0.40219.1
Project("{FAE04EC0-301F-11D3-BF4B-00C04F79EFBC}") = "Bank", "Bank.csproj", "{787E0B1F-AF54-4C37-9DCC-B67155EA87D0}"
EndProject
Global
	GlobalSection(SolutionConfigurationPlatforms) = preSolution
		Debug|Any CPU = Debug|Any CPU
		Release|Any CPU = Release|Any CPU
	EndGlobalSection
	GlobalSection(ProjectConfigurationPlatforms) = postSolution
		{787E0B1F-AF54-4C37-9DCC-B67155EA87D0}.Debug|Any CPU.ActiveCfg = Debug|Any CPU
		{787E0B1F-AF54-4C37-9DCC-B67155EA87D0}.Debug|Any CPU.Build.0 = Debug|Any CPU
		{787E0B1F-AF54-4C37-9DCC-B67155EA87D0}.Release|Any CPU.ActiveCfg = Release|Any CPU
		{787E0B1F-AF54-4C37-9DCC-B67155EA87D0}.Release|Any CPU.Build.0 = Release|Any CPU
	EndGlobalSection
	GlobalSection(SolutionProperties) = preSolution
		HideSolutionNode = FALSE
	EndGlobalSection
	GlobalSection(ExtensibilityGlobals) = postSolution
		SolutionGuid = {B4F35512-A872-4645-A2C3-1409ECF29E6F}
	EndGlobalSection
EndGlobal
